
Microsoft Visual Studio Solution File, Format Version 12.00
# Visual Studio Version 16
VisualStudioVersion = 16.0.32929.386
MinimumVisualStudioVersion = 10.0.40219.1
Project("{FAE04EC0-301F-11D3-BF4B-00C04F79EFBC}") = "Assignment2_Group4", "Assignment2_Group4\Assignment2_Group4.csproj", "{4948C9B4-6A82-49D9-96AB-C7723A402797}"
EndProject
Project("{FAE04EC0-301F-11D3-BF4B-00C04F79EFBC}") = "Assignment2_Group4.Tests", "Assignment2_Group4.Tests\Assignment2_Group4.Tests.csproj", "{7E58D1BD-5549-4C90-9597-AC30242DF677}"
EndProject
Global
	GlobalSection(SolutionConfigurationPlatforms) = preSolution
		Debug|Any CPU = Debug|Any CPU
		Release|Any CPU = Release|Any CPU
	EndGlobalSection
	GlobalSection(ProjectConfigurationPlatforms) = postSolution
		{4948C9B4-6A82-49D9-96AB-C7723A402797}.Debug|Any CPU.ActiveCfg = Debug|Any CPU
		{4948C9B4-6A82-49D9-96AB-C7723A402797}.Debug|Any CPU.Build.0 = Debug|Any CPU
		{4948C9B4-6A82-49D9-96AB-C7723A402797}.Release|Any CPU.ActiveCfg = Release|Any CPU
		{4948C9B4-6A82-49D9-96AB-C7723A402797}.Release|Any CPU.Build.0 = Release|Any CPU
		{7E58D1BD-5549-4C90-9597-AC30242DF677}.Debug|Any CPU.ActiveCfg = Debug|Any CPU
		{7E58D1BD-5549-4C90-9597-AC30242DF677}.Debug|Any CPU.Build.0 = Debug|Any CPU
		{7E58D1BD-5549-4C90-9597-AC30242DF677}.Release|Any CPU.ActiveCfg = Release|Any CPU
		{7E58D1BD-5549-4C90-9597-AC30242DF677}.Release|Any CPU.Build.0 = Release|Any CPU
	EndGlobalSection
	GlobalSection(SolutionProperties) = preSolution
		HideSolutionNode = FALSE
	EndGlobalSection
	GlobalSection(ExtensibilityGlobals) = postSolution
		SolutionGuid = {86CB8FD6-FB6C-4876-9255-B8C74D20C1C4}
	EndGlobalSection
EndGlobal
